
Microsoft Visual Studio Solution File, Format Version 12.00
# Visual Studio 15
VisualStudioVersion = 15.0.28307.136
MinimumVisualStudioVersion = 10.0.40219.1
Project("{FAE04EC0-301F-11D3-BF4B-00C04F79EFBC}") = "Test3WebNetcore", "Test3WebNetcore\Test3WebNetcore.csproj", "{DF5F524F-8EC9-425A-8F4D-D2D4695B2FF4}"
EndProject
Global
	GlobalSection(SolutionConfigurationPlatforms) = preSolution
		Debug|Any CPU = Debug|Any CPU
		Release|Any CPU = Release|Any CPU
	EndGlobalSection
	GlobalSection(ProjectConfigurationPlatforms) = postSolution
		{DF5F524F-8EC9-425A-8F4D-D2D4695B2FF4}.Debug|Any CPU.ActiveCfg = Debug|Any CPU
		{DF5F524F-8EC9-425A-8F4D-D2D4695B2FF4}.Debug|Any CPU.Build.0 = Debug|Any CPU
		{DF5F524F-8EC9-425A-8F4D-D2D4695B2FF4}.Release|Any CPU.ActiveCfg = Release|Any CPU
		{DF5F524F-8EC9-425A-8F4D-D2D4695B2FF4}.Release|Any CPU.Build.0 = Release|Any CPU
	EndGlobalSection
	GlobalSection(SolutionProperties) = preSolution
		HideSolutionNode = FALSE
	EndGlobalSection
	GlobalSection(ExtensibilityGlobals) = postSolution
		SolutionGuid = {E5FBC151-DCA9-4D02-B748-7BD1B22F7D4F}
	EndGlobalSection
EndGlobal
